
Microsoft Visual Studio Solution File, Format Version 12.00
# Visual Studio 14
VisualStudioVersion = 14.0.25420.1
MinimumVisualStudioVersion = 10.0.40219.1
Project("{2150E333-8FDC-42A3-9474-1A3956D46DE8}") = "Business", "Business", "{DEB7F061-042E-4C52-8099-D564779F4486}"
EndProject
Project("{2150E333-8FDC-42A3-9474-1A3956D46DE8}") = "Clients", "Clients", "{2E79B712-0927-484B-926C-3896FD8206AC}"
EndProject
Project("{FAE04EC0-301F-11D3-BF4B-00C04F79EFBC}") = "CarManiacs.WebClient", "Clients\CarManiacs.WebClient\CarManiacs.WebClient.csproj", "{9CEFE230-9524-4DB1-BF10-2FD63E7BDD27}"
EndProject
Project("{2150E333-8FDC-42A3-9474-1A3956D46DE8}") = "UnitTests", "UnitTests", "{AE1C5A4C-53EA-4AD2-85DA-DE52BEA4A2E0}"
EndProject
Project("{FAE04EC0-301F-11D3-BF4B-00C04F79EFBC}") = "CarManiacs.WebClient.UnitTests", "UnitTests\CarManiacs.WebClient.UnitTests\CarManiacs.WebClient.UnitTests.csproj", "{3495A12C-7381-4A35-ACA6-A569B5EF550D}"
EndProject
Project("{FAE04EC0-301F-11D3-BF4B-00C04F79EFBC}") = "CarManiacs.Business.Identity", "Business\CarManiacs.Business.Identity\CarManiacs.Business.Identity.csproj", "{AEA12C10-78FF-4556-AC5E-BC5CDE0121C3}"
EndProject
Project("{FAE04EC0-301F-11D3-BF4B-00C04F79EFBC}") = "CarManiacs.Business.Models", "Business\CarManiacs.Business.Models\CarManiacs.Business.Models.csproj", "{B3BBDCFC-36DA-45A4-981F-505DC23FCEC1}"
EndProject
Project("{FAE04EC0-301F-11D3-BF4B-00C04F79EFBC}") = "CarManiacs.Business.Data", "Business\CarManiacs.Business.Data\CarManiacs.Business.Data.csproj", "{27955618-1205-427F-BA56-228C84105298}"
EndProject
Project("{FAE04EC0-301F-11D3-BF4B-00C04F79EFBC}") = "CarManiacs.Business.Common", "Business\CarManiacs.Business.Common\CarManiacs.Business.Common.csproj", "{1096FECE-514D-42AD-8906-12995CB212E7}"
EndProject
Project("{FAE04EC0-301F-11D3-BF4B-00C04F79EFBC}") = "CarManiacs.Business.Data.UnitTests", "UnitTests\CarManiacs.Business.Data.UnitTests\CarManiacs.Business.Data.UnitTests.csproj", "{8BBCF794-FA19-4E07-B113-C3618B72DB7D}"
EndProject
Project("{FAE04EC0-301F-11D3-BF4B-00C04F79EFBC}") = "CarManiacs.Business.Models.UnitTests", "UnitTests\CarManiacs.Business.Models.UnitTests\CarManiacs.Business.Models.UnitTests.csproj", "{6749BF4A-8CFC-4EF2-B074-0A923753CB87}"
EndProject
Global
	GlobalSection(SolutionConfigurationPlatforms) = preSolution
		Debug|Any CPU = Debug|Any CPU
		Release|Any CPU = Release|Any CPU
	EndGlobalSection
	GlobalSection(ProjectConfigurationPlatforms) = postSolution
		{9CEFE230-9524-4DB1-BF10-2FD63E7BDD27}.Debug|Any CPU.ActiveCfg = Debug|Any CPU
		{9CEFE230-9524-4DB1-BF10-2FD63E7BDD27}.Debug|Any CPU.Build.0 = Debug|Any CPU
		{9CEFE230-9524-4DB1-BF10-2FD63E7BDD27}.Release|Any CPU.ActiveCfg = Release|Any CPU
		{9CEFE230-9524-4DB1-BF10-2FD63E7BDD27}.Release|Any CPU.Build.0 = Release|Any CPU
		{3495A12C-7381-4A35-ACA6-A569B5EF550D}.Debug|Any CPU.ActiveCfg = Debug|Any CPU
		{3495A12C-7381-4A35-ACA6-A569B5EF550D}.Debug|Any CPU.Build.0 = Debug|Any CPU
		{3495A12C-7381-4A35-ACA6-A569B5EF550D}.Release|Any CPU.ActiveCfg = Release|Any CPU
		{3495A12C-7381-4A35-ACA6-A569B5EF550D}.Release|Any CPU.Build.0 = Release|Any CPU
		{AEA12C10-78FF-4556-AC5E-BC5CDE0121C3}.Debug|Any CPU.ActiveCfg = Debug|Any CPU
		{AEA12C10-78FF-4556-AC5E-BC5CDE0121C3}.Debug|Any CPU.Build.0 = Debug|Any CPU
		{AEA12C10-78FF-4556-AC5E-BC5CDE0121C3}.Release|Any CPU.ActiveCfg = Release|Any CPU
		{AEA12C10-78FF-4556-AC5E-BC5CDE0121C3}.Release|Any CPU.Build.0 = Release|Any CPU
		{B3BBDCFC-36DA-45A4-981F-505DC23FCEC1}.Debug|Any CPU.ActiveCfg = Debug|Any CPU
		{B3BBDCFC-36DA-45A4-981F-505DC23FCEC1}.Debug|Any CPU.Build.0 = Debug|Any CPU
		{B3BBDCFC-36DA-45A4-981F-505DC23FCEC1}.Release|Any CPU.ActiveCfg = Release|Any CPU
		{B3BBDCFC-36DA-45A4-981F-505DC23FCEC1}.Release|Any CPU.Build.0 = Release|Any CPU
		{27955618-1205-427F-BA56-228C84105298}.Debug|Any CPU.ActiveCfg = Debug|Any CPU
		{27955618-1205-427F-BA56-228C84105298}.Debug|Any CPU.Build.0 = Debug|Any CPU
		{27955618-1205-427F-BA56-228C84105298}.Release|Any CPU.ActiveCfg = Release|Any CPU
		{27955618-1205-427F-BA56-228C84105298}.Release|Any CPU.Build.0 = Release|Any CPU
		{1096FECE-514D-42AD-8906-12995CB212E7}.Debug|Any CPU.ActiveCfg = Debug|Any CPU
		{1096FECE-514D-42AD-8906-12995CB212E7}.Debug|Any CPU.Build.0 = Debug|Any CPU
		{1096FECE-514D-42AD-8906-12995CB212E7}.Release|Any CPU.ActiveCfg = Release|Any CPU
		{1096FECE-514D-42AD-8906-12995CB212E7}.Release|Any CPU.Build.0 = Release|Any CPU
		{8BBCF794-FA19-4E07-B113-C3618B72DB7D}.Debug|Any CPU.ActiveCfg = Debug|Any CPU
		{8BBCF794-FA19-4E07-B113-C3618B72DB7D}.Debug|Any CPU.Build.0 = Debug|Any CPU
		{8BBCF794-FA19-4E07-B113-C3618B72DB7D}.Release|Any CPU.ActiveCfg = Release|Any CPU
		{8BBCF794-FA19-4E07-B113-C3618B72DB7D}.Release|Any CPU.Build.0 = Release|Any CPU
		{6749BF4A-8CFC-4EF2-B074-0A923753CB87}.Debug|Any CPU.ActiveCfg = Debug|Any CPU
		{6749BF4A-8CFC-4EF2-B074-0A923753CB87}.Debug|Any CPU.Build.0 = Debug|Any CPU
		{6749BF4A-8CFC-4EF2-B074-0A923753CB87}.Release|Any CPU.ActiveCfg = Release|Any CPU
		{6749BF4A-8CFC-4EF2-B074-0A923753CB87}.Release|Any CPU.Build.0 = Release|Any CPU
	EndGlobalSection
	GlobalSection(SolutionProperties) = preSolution
		HideSolutionNode = FALSE
	EndGlobalSection
	GlobalSection(NestedProjects) = preSolution
		{9CEFE230-9524-4DB1-BF10-2FD63E7BDD27} = {2E79B712-0927-484B-926C-3896FD8206AC}
		{3495A12C-7381-4A35-ACA6-A569B5EF550D} = {AE1C5A4C-53EA-4AD2-85DA-DE52BEA4A2E0}
		{AEA12C10-78FF-4556-AC5E-BC5CDE0121C3} = {DEB7F061-042E-4C52-8099-D564779F4486}
		{B3BBDCFC-36DA-45A4-981F-505DC23FCEC1} = {DEB7F061-042E-4C52-8099-D564779F4486}
		{27955618-1205-427F-BA56-228C84105298} = {DEB7F061-042E-4C52-8099-D564779F4486}
		{1096FECE-514D-42AD-8906-12995CB212E7} = {DEB7F061-042E-4C52-8099-D564779F4486}
		{8BBCF794-FA19-4E07-B113-C3618B72DB7D} = {AE1C5A4C-53EA-4AD2-85DA-DE52BEA4A2E0}
		{6749BF4A-8CFC-4EF2-B074-0A923753CB87} = {AE1C5A4C-53EA-4AD2-85DA-DE52BEA4A2E0}
	EndGlobalSection
EndGlobal
