
Microsoft Visual Studio Solution File, Format Version 12.00
# Visual Studio 14
VisualStudioVersion = 14.0.25420.1
MinimumVisualStudioVersion = 10.0.40219.1
Project("{2150E333-8FDC-42A3-9474-1A3956D46DE8}") = "Business", "Business", "{DEB7F061-042E-4C52-8099-D564779F4486}"
EndProject
Project("{2150E333-8FDC-42A3-9474-1A3956D46DE8}") = "Clients", "Clients", "{2E79B712-0927-484B-926C-3896FD8206AC}"
EndProject
Project("{2150E333-8FDC-42A3-9474-1A3956D46DE8}") = "Tests", "Tests", "{63B0E3C4-2369-46D5-99A4-AFAE6A476F07}"
EndProject
Project("{FAE04EC0-301F-11D3-BF4B-00C04F79EFBC}") = "CarManiacs.WebClient", "Clients\CarManiacs.WebClient\CarManiacs.WebClient.csproj", "{9CEFE230-9524-4DB1-BF10-2FD63E7BDD27}"
EndProject
Global
	GlobalSection(SolutionConfigurationPlatforms) = preSolution
		Debug|Any CPU = Debug|Any CPU
		Release|Any CPU = Release|Any CPU
	EndGlobalSection
	GlobalSection(ProjectConfigurationPlatforms) = postSolution
		{9CEFE230-9524-4DB1-BF10-2FD63E7BDD27}.Debug|Any CPU.ActiveCfg = Debug|Any CPU
		{9CEFE230-9524-4DB1-BF10-2FD63E7BDD27}.Debug|Any CPU.Build.0 = Debug|Any CPU
		{9CEFE230-9524-4DB1-BF10-2FD63E7BDD27}.Release|Any CPU.ActiveCfg = Release|Any CPU
		{9CEFE230-9524-4DB1-BF10-2FD63E7BDD27}.Release|Any CPU.Build.0 = Release|Any CPU
	EndGlobalSection
	GlobalSection(SolutionProperties) = preSolution
		HideSolutionNode = FALSE
	EndGlobalSection
	GlobalSection(NestedProjects) = preSolution
		{9CEFE230-9524-4DB1-BF10-2FD63E7BDD27} = {2E79B712-0927-484B-926C-3896FD8206AC}
	EndGlobalSection
EndGlobal
