
Microsoft Visual Studio Solution File, Format Version 12.00
# Visual Studio 14
VisualStudioVersion = 14.0.25420.1
MinimumVisualStudioVersion = 10.0.40219.1
Project("{2150E333-8FDC-42A3-9474-1A3956D46DE8}") = "Business", "Business", "{DEB7F061-042E-4C52-8099-D564779F4486}"
EndProject
Project("{2150E333-8FDC-42A3-9474-1A3956D46DE8}") = "Clients", "Clients", "{2E79B712-0927-484B-926C-3896FD8206AC}"
EndProject
Project("{FAE04EC0-301F-11D3-BF4B-00C04F79EFBC}") = "CarManiacs.WebClient", "Clients\CarManiacs.WebClient\CarManiacs.WebClient.csproj", "{9CEFE230-9524-4DB1-BF10-2FD63E7BDD27}"
EndProject
Project("{2150E333-8FDC-42A3-9474-1A3956D46DE8}") = "UnitTests", "UnitTests", "{AE1C5A4C-53EA-4AD2-85DA-DE52BEA4A2E0}"
EndProject
Project("{FAE04EC0-301F-11D3-BF4B-00C04F79EFBC}") = "CarManiacs.WebClient.UnitTests", "UnitTests\CarManiacs.WebClient.UnitTests\CarManiacs.WebClient.UnitTests.csproj", "{3495A12C-7381-4A35-ACA6-A569B5EF550D}"
EndProject
Global
	GlobalSection(SolutionConfigurationPlatforms) = preSolution
		Debug|Any CPU = Debug|Any CPU
		Release|Any CPU = Release|Any CPU
	EndGlobalSection
	GlobalSection(ProjectConfigurationPlatforms) = postSolution
		{9CEFE230-9524-4DB1-BF10-2FD63E7BDD27}.Debug|Any CPU.ActiveCfg = Debug|Any CPU
		{9CEFE230-9524-4DB1-BF10-2FD63E7BDD27}.Debug|Any CPU.Build.0 = Debug|Any CPU
		{9CEFE230-9524-4DB1-BF10-2FD63E7BDD27}.Release|Any CPU.ActiveCfg = Release|Any CPU
		{9CEFE230-9524-4DB1-BF10-2FD63E7BDD27}.Release|Any CPU.Build.0 = Release|Any CPU
		{3495A12C-7381-4A35-ACA6-A569B5EF550D}.Debug|Any CPU.ActiveCfg = Debug|Any CPU
		{3495A12C-7381-4A35-ACA6-A569B5EF550D}.Debug|Any CPU.Build.0 = Debug|Any CPU
		{3495A12C-7381-4A35-ACA6-A569B5EF550D}.Release|Any CPU.ActiveCfg = Release|Any CPU
		{3495A12C-7381-4A35-ACA6-A569B5EF550D}.Release|Any CPU.Build.0 = Release|Any CPU
	EndGlobalSection
	GlobalSection(SolutionProperties) = preSolution
		HideSolutionNode = FALSE
	EndGlobalSection
	GlobalSection(NestedProjects) = preSolution
		{9CEFE230-9524-4DB1-BF10-2FD63E7BDD27} = {2E79B712-0927-484B-926C-3896FD8206AC}
		{3495A12C-7381-4A35-ACA6-A569B5EF550D} = {AE1C5A4C-53EA-4AD2-85DA-DE52BEA4A2E0}
	EndGlobalSection
EndGlobal
